dependencies:
- name: kyverno
  repository: https://kyverno.github.io/kyverno
  version: 3.4.1
- name: policy-reporter
  repository: https://kyverno.github.io/policy-reporter
  version: 3.1.4
- name: kyverno-policies
  repository: https://kyverno.github.io/kyverno
  version: 3.4.1
digest: sha256:3c27e6961b4c5ecaf293918770f97de2f38ef172f054e4d6ef6537a3843c3021
generated: "2025-05-23T17:17:36.653351689+02:00"
