dependencies:
- name: kyverno
  repository: https://kyverno.github.io/kyverno
  version: 3.4.1
- name: kyverno-policies
  repository: https://kyverno.github.io/kyverno
  version: 3.4.1
digest: sha256:193651f76751542d295e4c8e51627d7c26a36ea7a458d461975656bb703af525
generated: "2025-05-12T09:16:46.84286056+02:00"
