dependencies:
- name: kyverno
  repository: https://kyverno.github.io/kyverno
  version: 3.8.2
- name: policy-reporter
  repository: https://kyverno.github.io/policy-reporter
  version: 3.9.1
- name: kyverno-policies
  repository: https://kyverno.github.io/kyverno
  version: 3.8.2
digest: sha256:eeb7379034fc1c7c19e442123fd3f45b100b5b53c41f38f86e8f201b2c913f24
generated: "2026-08-11T14:28:29.379516262+02:00"
